
Microsoft Visual Studio Solution File, Format Version 12.00
# Visual Studio Version 16
VisualStudioVersion = 16.0.32901.82
MinimumVisualStudioVersion = 10.0.40219.1
Project("{FAE04EC0-301F-11D3-BF4B-00C04F79EFBC}") = "WirtualLibrary", "WirtualLibrary.csproj", "{8EECC9BB-1346-4BB3-B8B5-F2FFCA937A71}"
EndProject
Global
	GlobalSection(SolutionConfigurationPlatforms) = preSolution
		Debug|Any CPU = Debug|Any CPU
		Release|Any CPU = Release|Any CPU
	EndGlobalSection
	GlobalSection(ProjectConfigurationPlatforms) = postSolution
		{8EECC9BB-1346-4BB3-B8B5-F2FFCA937A71}.Debug|Any CPU.ActiveCfg = Debug|Any CPU
		{8EECC9BB-1346-4BB3-B8B5-F2FFCA937A71}.Debug|Any CPU.Build.0 = Debug|Any CPU
		{8EECC9BB-1346-4BB3-B8B5-F2FFCA937A71}.Release|Any CPU.ActiveCfg = Release|Any CPU
		{8EECC9BB-1346-4BB3-B8B5-F2FFCA937A71}.Release|Any CPU.Build.0 = Release|Any CPU
	EndGlobalSection
	GlobalSection(SolutionProperties) = preSolution
		HideSolutionNode = FALSE
	EndGlobalSection
	GlobalSection(ExtensibilityGlobals) = postSolution
		SolutionGuid = {E5388DD7-44C3-4E2A-A172-709A04D3B8E9}
	EndGlobalSection
EndGlobal
